
Microsoft Visual Studio Solution File, Format Version 12.00
# Visual Studio Version 17
VisualStudioVersion = 17.2.32630.192
MinimumVisualStudioVersion = 10.0.40219.1
Project("{FAE04EC0-301F-11D3-BF4B-00C04F79EFBC}") = "Viapos.LicenceManager.LicenceInformations", "Viapos.LicenceManager.LicenceInformations\Viapos.LicenceManager.LicenceInformations.csproj", "{36038C65-5B87-4B11-B965-F451DA10A637}"
EndProject
Project("{FAE04EC0-301F-11D3-BF4B-00C04F79EFBC}") = "Viapos.LicenceManager.LicenceCreater", "Viapos.LicenceManager.LicenceCreater\Viapos.LicenceManager.LicenceCreater.csproj", "{BDAF725C-45A4-48DF-A7E9-176DB9FB4DAC}"
EndProject
Project("{FAE04EC0-301F-11D3-BF4B-00C04F79EFBC}") = "Viapos.LicenceManager.LicenceServerx", "Viapos.LicenceManager.LicenceServerx\Viapos.LicenceManager.LicenceServerx.csproj", "{B33FF412-EEE8-46CF-8DFB-ABF16F0C5086}"
EndProject
Project("{FAE04EC0-301F-11D3-BF4B-00C04F79EFBC}") = "Viapos.LicenceManager.TCPClientx", "Viapos.LicenceManager.TCPClientx\Viapos.LicenceManager.TCPClientx.csproj", "{E20F12B7-FC8D-47BB-9157-C070EEDDFB29}"
EndProject
Project("{9A19103F-16F7-4668-BE54-9A1E7A4F7556}") = "Viapos.LicenceManager.API", "Viapos.LicenceManager.API\Viapos.LicenceManager.API.csproj", "{7F0E180E-4777-4302-B1AD-818C29CA7FB3}"
EndProject
Global
	GlobalSection(SolutionConfigurationPlatforms) = preSolution
		Debug|Any CPU = Debug|Any CPU
		Release|Any CPU = Release|Any CPU
	EndGlobalSection
	GlobalSection(ProjectConfigurationPlatforms) = postSolution
		{36038C65-5B87-4B11-B965-F451DA10A637}.Debug|Any CPU.ActiveCfg = Debug|Any CPU
		{36038C65-5B87-4B11-B965-F451DA10A637}.Debug|Any CPU.Build.0 = Debug|Any CPU
		{36038C65-5B87-4B11-B965-F451DA10A637}.Release|Any CPU.ActiveCfg = Release|Any CPU
		{36038C65-5B87-4B11-B965-F451DA10A637}.Release|Any CPU.Build.0 = Release|Any CPU
		{BDAF725C-45A4-48DF-A7E9-176DB9FB4DAC}.Debug|Any CPU.ActiveCfg = Debug|Any CPU
		{BDAF725C-45A4-48DF-A7E9-176DB9FB4DAC}.Debug|Any CPU.Build.0 = Debug|Any CPU
		{BDAF725C-45A4-48DF-A7E9-176DB9FB4DAC}.Release|Any CPU.ActiveCfg = Release|Any CPU
		{BDAF725C-45A4-48DF-A7E9-176DB9FB4DAC}.Release|Any CPU.Build.0 = Release|Any CPU
		{B33FF412-EEE8-46CF-8DFB-ABF16F0C5086}.Debug|Any CPU.ActiveCfg = Debug|Any CPU
		{B33FF412-EEE8-46CF-8DFB-ABF16F0C5086}.Debug|Any CPU.Build.0 = Debug|Any CPU
		{B33FF412-EEE8-46CF-8DFB-ABF16F0C5086}.Release|Any CPU.ActiveCfg = Release|Any CPU
		{B33FF412-EEE8-46CF-8DFB-ABF16F0C5086}.Release|Any CPU.Build.0 = Release|Any CPU
		{E20F12B7-FC8D-47BB-9157-C070EEDDFB29}.Debug|Any CPU.ActiveCfg = Debug|Any CPU
		{E20F12B7-FC8D-47BB-9157-C070EEDDFB29}.Debug|Any CPU.Build.0 = Debug|Any CPU
		{E20F12B7-FC8D-47BB-9157-C070EEDDFB29}.Release|Any CPU.ActiveCfg = Release|Any CPU
		{E20F12B7-FC8D-47BB-9157-C070EEDDFB29}.Release|Any CPU.Build.0 = Release|Any CPU
		{7F0E180E-4777-4302-B1AD-818C29CA7FB3}.Debug|Any CPU.ActiveCfg = Debug|Any CPU
		{7F0E180E-4777-4302-B1AD-818C29CA7FB3}.Debug|Any CPU.Build.0 = Debug|Any CPU
		{7F0E180E-4777-4302-B1AD-818C29CA7FB3}.Release|Any CPU.ActiveCfg = Release|Any CPU
		{7F0E180E-4777-4302-B1AD-818C29CA7FB3}.Release|Any CPU.Build.0 = Release|Any CPU
	EndGlobalSection
	GlobalSection(SolutionProperties) = preSolution
		HideSolutionNode = FALSE
	EndGlobalSection
	GlobalSection(ExtensibilityGlobals) = postSolution
		SolutionGuid = {786A5077-8E8E-40BD-9B6C-733039FD4584}
	EndGlobalSection
EndGlobal
